
Microsoft Visual Studio Solution File, Format Version 12.00
# Visual Studio Version 17
VisualStudioVersion = 17.9.34728.123
MinimumVisualStudioVersion = 10.0.40219.1
Project("{FAE04EC0-301F-11D3-BF4B-00C04F79EFBC}") = "my first project", "my first project\my first project.csproj", "{DC8677DF-DC23-43E7-87D1-5F6C8FDB3176}"
EndProject
Global
	GlobalSection(SolutionConfigurationPlatforms) = preSolution
		Debug|Any CPU = Debug|Any CPU
		Release|Any CPU = Release|Any CPU
	EndGlobalSection
	GlobalSection(ProjectConfigurationPlatforms) = postSolution
		{DC8677DF-DC23-43E7-87D1-5F6C8FDB3176}.Debug|Any CPU.ActiveCfg = Debug|Any CPU
		{DC8677DF-DC23-43E7-87D1-5F6C8FDB3176}.Debug|Any CPU.Build.0 = Debug|Any CPU
		{DC8677DF-DC23-43E7-87D1-5F6C8FDB3176}.Release|Any CPU.ActiveCfg = Release|Any CPU
		{DC8677DF-DC23-43E7-87D1-5F6C8FDB3176}.Release|Any CPU.Build.0 = Release|Any CPU
	EndGlobalSection
	GlobalSection(SolutionProperties) = preSolution
		HideSolutionNode = FALSE
	EndGlobalSection
	GlobalSection(ExtensibilityGlobals) = postSolution
		SolutionGuid = {C1DEDDA9-2055-4EF9-8225-71F9FFB97CCA}
	EndGlobalSection
EndGlobal
